# This file was autogenerated by Stack.
# You should not edit this file by hand.
# For more information, please see the documentation at:
#   https://docs.haskellstack.org/en/stable/lock_files

packages:
- completed:
    hackage: paths-0.2.0.0@sha256:ce5a5e119750558a5f7b5e3c9df064542ff659bfadf9522928494a4231760596,2638
    pantry-tree:
      size: 732
      sha256: 49da961ed224458ebbed7cbc2d59155642b16d9bfd82cea5392ce9068725ed9e
  original:
    hackage: paths-0.2.0.0@sha256:ce5a5e119750558a5f7b5e3c9df064542ff659bfadf9522928494a4231760596,2638
snapshots:
- completed:
    size: 532414
    url: https://raw.githubusercontent.com/commercialhaskell/stackage-snapshots/master/lts/16/22.yaml
    sha256: e483fb88549fc0f454c190979bf35ac91c7aceff2c0e71e7d8edd11842d772d8
  original:
    url: https://raw.githubusercontent.com/commercialhaskell/stackage-snapshots/master/lts/16/22.yaml
